{
  "name": "rpc-challenge",
  "version": "1.0.0",
  "lockfileVersion": 1,
  "requires": true,
  "dependencies": {
    "lodash": {
      "version": "4.17.15",
      "resolved": "https://registry.npmjs.org/lodash/-/lodash-4.17.15.tgz",
      "integrity": "sha512-8xOcRHvCjnocdS5cpwXQXVzmmh5e5+saE2QGoeQmbKmRS6J3VQppPOIt0MnmE+4xlZoumy0GPG0D0MVIQbNA1A=="
    },
    "schm": {
      "version": "0.4.1",
      "resolved": "https://registry.npmjs.org/schm/-/schm-0.4.1.tgz",
      "integrity": "sha512-Ndl+URhRV3//jAmt2e4LrijQOoN/PMws6OsNVEl6SxCctiaZcU+laW1Ya2iLPn9HrAQMQbzznLBd6D2cvNO0Wg==",
      "requires": {
        "lodash": "^4.17.10"
      }
    },
    "schm-express": {
      "version": "0.4.1",
      "resolved": "https://registry.npmjs.org/schm-express/-/schm-express-0.4.1.tgz",
      "integrity": "sha512-e9+RZvm7juUujVw4807sRe0LAGs2AJ0fVQL0V9khqEoRAxgZggEy+JGarzcFNUrbLANK4OsLpR3eRFf+M+PT8g==",
      "requires": {
        "schm": "^0.4.1"
      }
    }
  }
}
